
Microsoft Visual Studio Solution File, Format Version 12.00
# Visual Studio Version 17
VisualStudioVersion = 17.3.32728.150
MinimumVisualStudioVersion = 10.0.40219.1
Project("{2150E333-8FDC-42A3-9474-1A3956D46DE8}") = "FrontEnd", "FrontEnd", "{11F8CA79-474D-4784-BFDB-1B3EA0A015AB}"
EndProject
Project("{9A19103F-16F7-4668-BE54-9A1E7A4F7556}") = "Mango.Web", "Mango.Web\Mango.Web.csproj", "{8BA49723-93C6-4F28-BE61-A1276F5DC996}"
EndProject
Project("{2150E333-8FDC-42A3-9474-1A3956D46DE8}") = "Services", "Services", "{7E51A1DA-DD5E-4408-9F70-B78344822BC4}"
EndProject
Project("{9A19103F-16F7-4668-BE54-9A1E7A4F7556}") = "Mango.Services.ProductAPI", "Mango.Services.ProductAPI\Mango.Services.ProductAPI.csproj", "{A7E89F81-2D63-48C2-9156-B276C573731E}"
EndProject
Project("{9A19103F-16F7-4668-BE54-9A1E7A4F7556}") = "Mango.Services.Identity", "Mango.Services.Identity\Mango.Services.Identity.csproj", "{89D2A784-F2D8-49BC-B270-E113C36D11F3}"
EndProject
Project("{9A19103F-16F7-4668-BE54-9A1E7A4F7556}") = "Mango.Services.ShoppingCartAPI", "Mango.Services.ShoppingCartAPI\Mango.Services.ShoppingCartAPI.csproj", "{8BE38205-4A18-4EC0-B880-A548FE663AC5}"
EndProject
Project("{9A19103F-16F7-4668-BE54-9A1E7A4F7556}") = "Mango.Services.CouponAPI", "Mango.Services.CouponAPI\Mango.Services.CouponAPI.csproj", "{5F696EBD-EB5E-4F78-B049-B4B345F705C1}"
EndProject
Project("{2150E333-8FDC-42A3-9474-1A3956D46DE8}") = "Integration", "Integration", "{D7D1306D-D174-48D4-A1D3-9826CA31632D}"
EndProject
Project("{9A19103F-16F7-4668-BE54-9A1E7A4F7556}") = "MessageBus", "Mango.MessageBus\MessageBus.csproj", "{0C3F3B5F-1493-41C6-BE13-E73C240FF10C}"
EndProject
Project("{2150E333-8FDC-42A3-9474-1A3956D46DE8}") = "Payments", "Payments", "{1CB1E131-E14C-4E01-884C-40D50451E50D}"
EndProject
Project("{9A19103F-16F7-4668-BE54-9A1E7A4F7556}") = "PaymentProcessor", "PaymentProcessor\PaymentProcessor.csproj", "{DBFA0814-9344-43F2-AB54-E9FE0175353F}"
EndProject
Project("{2150E333-8FDC-42A3-9474-1A3956D46DE8}") = "Gateway", "Gateway", "{3383D520-7C0A-45C5-97B4-6939F3D43B0D}"
EndProject
Project("{9A19103F-16F7-4668-BE54-9A1E7A4F7556}") = "Mango.GatewaySolution", "Mango.GatewaySolution\Mango.GatewaySolution.csproj", "{9B31564C-5A5A-4A8B-879B-FFCAA7DB775E}"
EndProject
Project("{9A19103F-16F7-4668-BE54-9A1E7A4F7556}") = "Mango.OrderProcessor", "Mango.OrderProcessor\Mango.OrderProcessor.csproj", "{E913021C-09DE-45A3-B813-BF9ED5F70BEF}"
EndProject
Project("{2150E333-8FDC-42A3-9474-1A3956D46DE8}") = "Processors", "Processors", "{A6091B03-2897-4313-956E-1F62D2444521}"
EndProject
Project("{9A19103F-16F7-4668-BE54-9A1E7A4F7556}") = "DBAcccessProcessor", "OrderProcessor\DBAcccessProcessor.csproj", "{03F8D297-AB26-4E54-8EEB-F8F6F76FF659}"
EndProject
Project("{9A19103F-16F7-4668-BE54-9A1E7A4F7556}") = "Mango.PaymentProcessor", "Mango.PaymentProcessor\Mango.PaymentProcessor.csproj", "{83D2DE38-3F97-4189-BC6E-8FFC65C81A17}"
EndProject
Project("{9A19103F-16F7-4668-BE54-9A1E7A4F7556}") = "Mango.EmailProcessor", "Mango.EmailProcessor\Mango.EmailProcessor.csproj", "{BB1F4C9B-3636-44F7-911E-174BA1E52646}"
EndProject
Project("{9A19103F-16F7-4668-BE54-9A1E7A4F7556}") = "Mango.OrderUpdateProcessor", "Mango.OrderUpdateProcessor\Mango.OrderUpdateProcessor.csproj", "{893ADFF3-BC95-4A39-9611-A2231C96F97E}"
EndProject
Project("{2150E333-8FDC-42A3-9474-1A3956D46DE8}") = "ProductAPI", "ProductAPI", "{29627897-02F7-4CF0-B61F-3D228C20C5BE}"
EndProject
Project("{9A19103F-16F7-4668-BE54-9A1E7A4F7556}") = "Mango.Services.ProductAPI.Domain", "Mango.Services.ProductAPI.Domain\Mango.Services.ProductAPI.Domain.csproj", "{AE0AEDDF-5854-43F0-9657-00B39D847557}"
EndProject
Project("{9A19103F-16F7-4668-BE54-9A1E7A4F7556}") = "Mango.Services.ProductAPI.Infrastructure", "Mango.Services.ProductAPI.Infrastructure\Mango.Services.ProductAPI.Infrastructure.csproj", "{86153E37-B05C-4513-87BA-C9209F827790}"
EndProject
Project("{2150E333-8FDC-42A3-9474-1A3956D46DE8}") = "CartAPI", "CartAPI", "{05FA9921-5C53-4646-A6A6-08215F4E1652}"
EndProject
Project("{FAE04EC0-301F-11D3-BF4B-00C04F79EFBC}") = "Mango.Services.ShoppingCartAPI.Domain", "Mango.Services.CartAPI.Domain\Mango.Services.ShoppingCartAPI.Domain.csproj", "{1213CAC7-5743-4BD1-993C-6429ACEB5FA8}"
EndProject
Project("{FAE04EC0-301F-11D3-BF4B-00C04F79EFBC}") = "Mango.Services.ShoppingCartAPI.Infrastructure", "Mango.Services.ShoppingCartAPI.Infrastructure\Mango.Services.ShoppingCartAPI.Infrastructure.csproj", "{01D3807C-B904-48D5-8071-1C98A0B7EF92}"
EndProject
Global
	GlobalSection(SolutionConfigurationPlatforms) = preSolution
		Debug|Any CPU = Debug|Any CPU
		Release|Any CPU = Release|Any CPU
	EndGlobalSection
	GlobalSection(ProjectConfigurationPlatforms) = postSolution
		{8BA49723-93C6-4F28-BE61-A1276F5DC996}.Debug|Any CPU.ActiveCfg = Debug|Any CPU
		{8BA49723-93C6-4F28-BE61-A1276F5DC996}.Debug|Any CPU.Build.0 = Debug|Any CPU
		{8BA49723-93C6-4F28-BE61-A1276F5DC996}.Release|Any CPU.ActiveCfg = Release|Any CPU
		{8BA49723-93C6-4F28-BE61-A1276F5DC996}.Release|Any CPU.Build.0 = Release|Any CPU
		{A7E89F81-2D63-48C2-9156-B276C573731E}.Debug|Any CPU.ActiveCfg = Debug|Any CPU
		{A7E89F81-2D63-48C2-9156-B276C573731E}.Debug|Any CPU.Build.0 = Debug|Any CPU
		{A7E89F81-2D63-48C2-9156-B276C573731E}.Release|Any CPU.ActiveCfg = Release|Any CPU
		{A7E89F81-2D63-48C2-9156-B276C573731E}.Release|Any CPU.Build.0 = Release|Any CPU
		{89D2A784-F2D8-49BC-B270-E113C36D11F3}.Debug|Any CPU.ActiveCfg = Debug|Any CPU
		{89D2A784-F2D8-49BC-B270-E113C36D11F3}.Debug|Any CPU.Build.0 = Debug|Any CPU
		{89D2A784-F2D8-49BC-B270-E113C36D11F3}.Release|Any CPU.ActiveCfg = Release|Any CPU
		{89D2A784-F2D8-49BC-B270-E113C36D11F3}.Release|Any CPU.Build.0 = Release|Any CPU
		{8BE38205-4A18-4EC0-B880-A548FE663AC5}.Debug|Any CPU.ActiveCfg = Debug|Any CPU
		{8BE38205-4A18-4EC0-B880-A548FE663AC5}.Debug|Any CPU.Build.0 = Debug|Any CPU
		{8BE38205-4A18-4EC0-B880-A548FE663AC5}.Release|Any CPU.ActiveCfg = Release|Any CPU
		{8BE38205-4A18-4EC0-B880-A548FE663AC5}.Release|Any CPU.Build.0 = Release|Any CPU
		{5F696EBD-EB5E-4F78-B049-B4B345F705C1}.Debug|Any CPU.ActiveCfg = Debug|Any CPU
		{5F696EBD-EB5E-4F78-B049-B4B345F705C1}.Debug|Any CPU.Build.0 = Debug|Any CPU
		{5F696EBD-EB5E-4F78-B049-B4B345F705C1}.Release|Any CPU.ActiveCfg = Release|Any CPU
		{5F696EBD-EB5E-4F78-B049-B4B345F705C1}.Release|Any CPU.Build.0 = Release|Any CPU
		{0C3F3B5F-1493-41C6-BE13-E73C240FF10C}.Debug|Any CPU.ActiveCfg = Debug|Any CPU
		{0C3F3B5F-1493-41C6-BE13-E73C240FF10C}.Debug|Any CPU.Build.0 = Debug|Any CPU
		{0C3F3B5F-1493-41C6-BE13-E73C240FF10C}.Release|Any CPU.ActiveCfg = Release|Any CPU
		{0C3F3B5F-1493-41C6-BE13-E73C240FF10C}.Release|Any CPU.Build.0 = Release|Any CPU
		{DBFA0814-9344-43F2-AB54-E9FE0175353F}.Debug|Any CPU.ActiveCfg = Debug|Any CPU
		{DBFA0814-9344-43F2-AB54-E9FE0175353F}.Debug|Any CPU.Build.0 = Debug|Any CPU
		{DBFA0814-9344-43F2-AB54-E9FE0175353F}.Release|Any CPU.ActiveCfg = Release|Any CPU
		{DBFA0814-9344-43F2-AB54-E9FE0175353F}.Release|Any CPU.Build.0 = Release|Any CPU
		{9B31564C-5A5A-4A8B-879B-FFCAA7DB775E}.Debug|Any CPU.ActiveCfg = Debug|Any CPU
		{9B31564C-5A5A-4A8B-879B-FFCAA7DB775E}.Debug|Any CPU.Build.0 = Debug|Any CPU
		{9B31564C-5A5A-4A8B-879B-FFCAA7DB775E}.Release|Any CPU.ActiveCfg = Release|Any CPU
		{9B31564C-5A5A-4A8B-879B-FFCAA7DB775E}.Release|Any CPU.Build.0 = Release|Any CPU
		{E913021C-09DE-45A3-B813-BF9ED5F70BEF}.Debug|Any CPU.ActiveCfg = Debug|Any CPU
		{E913021C-09DE-45A3-B813-BF9ED5F70BEF}.Debug|Any CPU.Build.0 = Debug|Any CPU
		{E913021C-09DE-45A3-B813-BF9ED5F70BEF}.Release|Any CPU.ActiveCfg = Release|Any CPU
		{E913021C-09DE-45A3-B813-BF9ED5F70BEF}.Release|Any CPU.Build.0 = Release|Any CPU
		{03F8D297-AB26-4E54-8EEB-F8F6F76FF659}.Debug|Any CPU.ActiveCfg = Debug|Any CPU
		{03F8D297-AB26-4E54-8EEB-F8F6F76FF659}.Debug|Any CPU.Build.0 = Debug|Any CPU
		{03F8D297-AB26-4E54-8EEB-F8F6F76FF659}.Release|Any CPU.ActiveCfg = Release|Any CPU
		{03F8D297-AB26-4E54-8EEB-F8F6F76FF659}.Release|Any CPU.Build.0 = Release|Any CPU
		{83D2DE38-3F97-4189-BC6E-8FFC65C81A17}.Debug|Any CPU.ActiveCfg = Debug|Any CPU
		{83D2DE38-3F97-4189-BC6E-8FFC65C81A17}.Debug|Any CPU.Build.0 = Debug|Any CPU
		{83D2DE38-3F97-4189-BC6E-8FFC65C81A17}.Release|Any CPU.ActiveCfg = Release|Any CPU
		{83D2DE38-3F97-4189-BC6E-8FFC65C81A17}.Release|Any CPU.Build.0 = Release|Any CPU
		{BB1F4C9B-3636-44F7-911E-174BA1E52646}.Debug|Any CPU.ActiveCfg = Debug|Any CPU
		{BB1F4C9B-3636-44F7-911E-174BA1E52646}.Debug|Any CPU.Build.0 = Debug|Any CPU
		{BB1F4C9B-3636-44F7-911E-174BA1E52646}.Release|Any CPU.ActiveCfg = Release|Any CPU
		{BB1F4C9B-3636-44F7-911E-174BA1E52646}.Release|Any CPU.Build.0 = Release|Any CPU
		{893ADFF3-BC95-4A39-9611-A2231C96F97E}.Debug|Any CPU.ActiveCfg = Debug|Any CPU
		{893ADFF3-BC95-4A39-9611-A2231C96F97E}.Debug|Any CPU.Build.0 = Debug|Any CPU
		{893ADFF3-BC95-4A39-9611-A2231C96F97E}.Release|Any CPU.ActiveCfg = Release|Any CPU
		{893ADFF3-BC95-4A39-9611-A2231C96F97E}.Release|Any CPU.Build.0 = Release|Any CPU
		{AE0AEDDF-5854-43F0-9657-00B39D847557}.Debug|Any CPU.ActiveCfg = Debug|Any CPU
		{AE0AEDDF-5854-43F0-9657-00B39D847557}.Debug|Any CPU.Build.0 = Debug|Any CPU
		{AE0AEDDF-5854-43F0-9657-00B39D847557}.Release|Any CPU.ActiveCfg = Release|Any CPU
		{AE0AEDDF-5854-43F0-9657-00B39D847557}.Release|Any CPU.Build.0 = Release|Any CPU
		{86153E37-B05C-4513-87BA-C9209F827790}.Debug|Any CPU.ActiveCfg = Debug|Any CPU
		{86153E37-B05C-4513-87BA-C9209F827790}.Debug|Any CPU.Build.0 = Debug|Any CPU
		{86153E37-B05C-4513-87BA-C9209F827790}.Release|Any CPU.ActiveCfg = Release|Any CPU
		{86153E37-B05C-4513-87BA-C9209F827790}.Release|Any CPU.Build.0 = Release|Any CPU
		{1213CAC7-5743-4BD1-993C-6429ACEB5FA8}.Debug|Any CPU.ActiveCfg = Debug|Any CPU
		{1213CAC7-5743-4BD1-993C-6429ACEB5FA8}.Debug|Any CPU.Build.0 = Debug|Any CPU
		{1213CAC7-5743-4BD1-993C-6429ACEB5FA8}.Release|Any CPU.ActiveCfg = Release|Any CPU
		{1213CAC7-5743-4BD1-993C-6429ACEB5FA8}.Release|Any CPU.Build.0 = Release|Any CPU
		{01D3807C-B904-48D5-8071-1C98A0B7EF92}.Debug|Any CPU.ActiveCfg = Debug|Any CPU
		{01D3807C-B904-48D5-8071-1C98A0B7EF92}.Debug|Any CPU.Build.0 = Debug|Any CPU
		{01D3807C-B904-48D5-8071-1C98A0B7EF92}.Release|Any CPU.ActiveCfg = Release|Any CPU
		{01D3807C-B904-48D5-8071-1C98A0B7EF92}.Release|Any CPU.Build.0 = Release|Any CPU
	EndGlobalSection
	GlobalSection(SolutionProperties) = preSolution
		HideSolutionNode = FALSE
	EndGlobalSection
	GlobalSection(NestedProjects) = preSolution
		{8BA49723-93C6-4F28-BE61-A1276F5DC996} = {11F8CA79-474D-4784-BFDB-1B3EA0A015AB}
		{A7E89F81-2D63-48C2-9156-B276C573731E} = {29627897-02F7-4CF0-B61F-3D228C20C5BE}
		{89D2A784-F2D8-49BC-B270-E113C36D11F3} = {7E51A1DA-DD5E-4408-9F70-B78344822BC4}
		{8BE38205-4A18-4EC0-B880-A548FE663AC5} = {05FA9921-5C53-4646-A6A6-08215F4E1652}
		{5F696EBD-EB5E-4F78-B049-B4B345F705C1} = {7E51A1DA-DD5E-4408-9F70-B78344822BC4}
		{0C3F3B5F-1493-41C6-BE13-E73C240FF10C} = {D7D1306D-D174-48D4-A1D3-9826CA31632D}
		{DBFA0814-9344-43F2-AB54-E9FE0175353F} = {1CB1E131-E14C-4E01-884C-40D50451E50D}
		{9B31564C-5A5A-4A8B-879B-FFCAA7DB775E} = {3383D520-7C0A-45C5-97B4-6939F3D43B0D}
		{E913021C-09DE-45A3-B813-BF9ED5F70BEF} = {A6091B03-2897-4313-956E-1F62D2444521}
		{03F8D297-AB26-4E54-8EEB-F8F6F76FF659} = {A6091B03-2897-4313-956E-1F62D2444521}
		{83D2DE38-3F97-4189-BC6E-8FFC65C81A17} = {A6091B03-2897-4313-956E-1F62D2444521}
		{BB1F4C9B-3636-44F7-911E-174BA1E52646} = {A6091B03-2897-4313-956E-1F62D2444521}
		{893ADFF3-BC95-4A39-9611-A2231C96F97E} = {A6091B03-2897-4313-956E-1F62D2444521}
		{29627897-02F7-4CF0-B61F-3D228C20C5BE} = {7E51A1DA-DD5E-4408-9F70-B78344822BC4}
		{AE0AEDDF-5854-43F0-9657-00B39D847557} = {29627897-02F7-4CF0-B61F-3D228C20C5BE}
		{86153E37-B05C-4513-87BA-C9209F827790} = {29627897-02F7-4CF0-B61F-3D228C20C5BE}
		{05FA9921-5C53-4646-A6A6-08215F4E1652} = {7E51A1DA-DD5E-4408-9F70-B78344822BC4}
		{1213CAC7-5743-4BD1-993C-6429ACEB5FA8} = {05FA9921-5C53-4646-A6A6-08215F4E1652}
		{01D3807C-B904-48D5-8071-1C98A0B7EF92} = {05FA9921-5C53-4646-A6A6-08215F4E1652}
	EndGlobalSection
	GlobalSection(ExtensibilityGlobals) = postSolution
		SolutionGuid = {2FE4F9E8-95AD-4C76-ADAE-87E43DAE842D}
	EndGlobalSection
EndGlobal
