
Microsoft Visual Studio Solution File, Format Version 12.00
# Visual Studio Version 17
VisualStudioVersion = 17.3.32728.150
MinimumVisualStudioVersion = 10.0.40219.1
Project("{2150E333-8FDC-42A3-9474-1A3956D46DE8}") = "FrontEnd", "FrontEnd", "{11F8CA79-474D-4784-BFDB-1B3EA0A015AB}"
EndProject
Project("{9A19103F-16F7-4668-BE54-9A1E7A4F7556}") = "Mango.Web", "Mango.Web\Mango.Web.csproj", "{8BA49723-93C6-4F28-BE61-A1276F5DC996}"
EndProject
Project("{2150E333-8FDC-42A3-9474-1A3956D46DE8}") = "Services", "Services", "{7E51A1DA-DD5E-4408-9F70-B78344822BC4}"
EndProject
Project("{9A19103F-16F7-4668-BE54-9A1E7A4F7556}") = "Mango.Services.ProductAPI", "Mango.Services.ProductAPI\Mango.Services.ProductAPI.csproj", "{A7E89F81-2D63-48C2-9156-B276C573731E}"
EndProject
Project("{9A19103F-16F7-4668-BE54-9A1E7A4F7556}") = "Mango.Services.Identity", "Mango.Services.Identity\Mango.Services.Identity.csproj", "{89D2A784-F2D8-49BC-B270-E113C36D11F3}"
EndProject
Project("{9A19103F-16F7-4668-BE54-9A1E7A4F7556}") = "Mango.Services.ShoppingCartAPI", "Mango.Services.ShoppingCartAPI\Mango.Services.ShoppingCartAPI.csproj", "{8BE38205-4A18-4EC0-B880-A548FE663AC5}"
EndProject
Project("{9A19103F-16F7-4668-BE54-9A1E7A4F7556}") = "Mango.Services.CouponAPI", "Mango.Services.CouponAPI\Mango.Services.CouponAPI.csproj", "{5F696EBD-EB5E-4F78-B049-B4B345F705C1}"
EndProject
Project("{2150E333-8FDC-42A3-9474-1A3956D46DE8}") = "Integration", "Integration", "{D7D1306D-D174-48D4-A1D3-9826CA31632D}"
EndProject
Project("{9A19103F-16F7-4668-BE54-9A1E7A4F7556}") = "Mango.MessageBus", "Mango.MessageBus\Mango.MessageBus.csproj", "{0C3F3B5F-1493-41C6-BE13-E73C240FF10C}"
EndProject
Project("{9A19103F-16F7-4668-BE54-9A1E7A4F7556}") = "Mango.Services.OrderAPI", "Mango.Services.OrderAPI\Mango.Services.OrderAPI.csproj", "{4B59A005-69BA-4620-9166-037F8E12E23B}"
EndProject
Project("{2150E333-8FDC-42A3-9474-1A3956D46DE8}") = "Payments", "Payments", "{1CB1E131-E14C-4E01-884C-40D50451E50D}"
EndProject
Project("{9A19103F-16F7-4668-BE54-9A1E7A4F7556}") = "PaymentProcessor", "PaymentProcessor\PaymentProcessor.csproj", "{DBFA0814-9344-43F2-AB54-E9FE0175353F}"
EndProject
Project("{9A19103F-16F7-4668-BE54-9A1E7A4F7556}") = "Mango.Services.PaymentAPI", "Mango.Services.PaymentAPI\Mango.Services.PaymentAPI.csproj", "{C5139392-1DEC-4FE4-BD47-7674AF76CBC4}"
EndProject
Project("{FAE04EC0-301F-11D3-BF4B-00C04F79EFBC}") = "Mango.Services.Email", "Mango.Services.Email\Mango.Services.Email.csproj", "{005CAF69-D87E-4178-A371-E4BDF742A151}"
EndProject
Project("{2150E333-8FDC-42A3-9474-1A3956D46DE8}") = "Gateway", "Gateway", "{3383D520-7C0A-45C5-97B4-6939F3D43B0D}"
EndProject
Project("{FAE04EC0-301F-11D3-BF4B-00C04F79EFBC}") = "Mango.GatewaySolution", "Mango.GatewaySolution\Mango.GatewaySolution.csproj", "{9B31564C-5A5A-4A8B-879B-FFCAA7DB775E}"
EndProject
Global
	GlobalSection(SolutionConfigurationPlatforms) = preSolution
		Debug|Any CPU = Debug|Any CPU
		Release|Any CPU = Release|Any CPU
	EndGlobalSection
	GlobalSection(ProjectConfigurationPlatforms) = postSolution
		{8BA49723-93C6-4F28-BE61-A1276F5DC996}.Debug|Any CPU.ActiveCfg = Debug|Any CPU
		{8BA49723-93C6-4F28-BE61-A1276F5DC996}.Debug|Any CPU.Build.0 = Debug|Any CPU
		{8BA49723-93C6-4F28-BE61-A1276F5DC996}.Release|Any CPU.ActiveCfg = Release|Any CPU
		{8BA49723-93C6-4F28-BE61-A1276F5DC996}.Release|Any CPU.Build.0 = Release|Any CPU
		{A7E89F81-2D63-48C2-9156-B276C573731E}.Debug|Any CPU.ActiveCfg = Debug|Any CPU
		{A7E89F81-2D63-48C2-9156-B276C573731E}.Debug|Any CPU.Build.0 = Debug|Any CPU
		{A7E89F81-2D63-48C2-9156-B276C573731E}.Release|Any CPU.ActiveCfg = Release|Any CPU
		{A7E89F81-2D63-48C2-9156-B276C573731E}.Release|Any CPU.Build.0 = Release|Any CPU
		{89D2A784-F2D8-49BC-B270-E113C36D11F3}.Debug|Any CPU.ActiveCfg = Debug|Any CPU
		{89D2A784-F2D8-49BC-B270-E113C36D11F3}.Debug|Any CPU.Build.0 = Debug|Any CPU
		{89D2A784-F2D8-49BC-B270-E113C36D11F3}.Release|Any CPU.ActiveCfg = Release|Any CPU
		{89D2A784-F2D8-49BC-B270-E113C36D11F3}.Release|Any CPU.Build.0 = Release|Any CPU
		{8BE38205-4A18-4EC0-B880-A548FE663AC5}.Debug|Any CPU.ActiveCfg = Debug|Any CPU
		{8BE38205-4A18-4EC0-B880-A548FE663AC5}.Debug|Any CPU.Build.0 = Debug|Any CPU
		{8BE38205-4A18-4EC0-B880-A548FE663AC5}.Release|Any CPU.ActiveCfg = Release|Any CPU
		{8BE38205-4A18-4EC0-B880-A548FE663AC5}.Release|Any CPU.Build.0 = Release|Any CPU
		{5F696EBD-EB5E-4F78-B049-B4B345F705C1}.Debug|Any CPU.ActiveCfg = Debug|Any CPU
		{5F696EBD-EB5E-4F78-B049-B4B345F705C1}.Debug|Any CPU.Build.0 = Debug|Any CPU
		{5F696EBD-EB5E-4F78-B049-B4B345F705C1}.Release|Any CPU.ActiveCfg = Release|Any CPU
		{5F696EBD-EB5E-4F78-B049-B4B345F705C1}.Release|Any CPU.Build.0 = Release|Any CPU
		{0C3F3B5F-1493-41C6-BE13-E73C240FF10C}.Debug|Any CPU.ActiveCfg = Debug|Any CPU
		{0C3F3B5F-1493-41C6-BE13-E73C240FF10C}.Debug|Any CPU.Build.0 = Debug|Any CPU
		{0C3F3B5F-1493-41C6-BE13-E73C240FF10C}.Release|Any CPU.ActiveCfg = Release|Any CPU
		{0C3F3B5F-1493-41C6-BE13-E73C240FF10C}.Release|Any CPU.Build.0 = Release|Any CPU
		{4B59A005-69BA-4620-9166-037F8E12E23B}.Debug|Any CPU.ActiveCfg = Debug|Any CPU
		{4B59A005-69BA-4620-9166-037F8E12E23B}.Debug|Any CPU.Build.0 = Debug|Any CPU
		{4B59A005-69BA-4620-9166-037F8E12E23B}.Release|Any CPU.ActiveCfg = Release|Any CPU
		{4B59A005-69BA-4620-9166-037F8E12E23B}.Release|Any CPU.Build.0 = Release|Any CPU
		{DBFA0814-9344-43F2-AB54-E9FE0175353F}.Debug|Any CPU.ActiveCfg = Debug|Any CPU
		{DBFA0814-9344-43F2-AB54-E9FE0175353F}.Debug|Any CPU.Build.0 = Debug|Any CPU
		{DBFA0814-9344-43F2-AB54-E9FE0175353F}.Release|Any CPU.ActiveCfg = Release|Any CPU
		{DBFA0814-9344-43F2-AB54-E9FE0175353F}.Release|Any CPU.Build.0 = Release|Any CPU
		{C5139392-1DEC-4FE4-BD47-7674AF76CBC4}.Debug|Any CPU.ActiveCfg = Debug|Any CPU
		{C5139392-1DEC-4FE4-BD47-7674AF76CBC4}.Debug|Any CPU.Build.0 = Debug|Any CPU
		{C5139392-1DEC-4FE4-BD47-7674AF76CBC4}.Release|Any CPU.ActiveCfg = Release|Any CPU
		{C5139392-1DEC-4FE4-BD47-7674AF76CBC4}.Release|Any CPU.Build.0 = Release|Any CPU
		{005CAF69-D87E-4178-A371-E4BDF742A151}.Debug|Any CPU.ActiveCfg = Debug|Any CPU
		{005CAF69-D87E-4178-A371-E4BDF742A151}.Debug|Any CPU.Build.0 = Debug|Any CPU
		{005CAF69-D87E-4178-A371-E4BDF742A151}.Release|Any CPU.ActiveCfg = Release|Any CPU
		{005CAF69-D87E-4178-A371-E4BDF742A151}.Release|Any CPU.Build.0 = Release|Any CPU
		{9B31564C-5A5A-4A8B-879B-FFCAA7DB775E}.Debug|Any CPU.ActiveCfg = Debug|Any CPU
		{9B31564C-5A5A-4A8B-879B-FFCAA7DB775E}.Debug|Any CPU.Build.0 = Debug|Any CPU
		{9B31564C-5A5A-4A8B-879B-FFCAA7DB775E}.Release|Any CPU.ActiveCfg = Release|Any CPU
		{9B31564C-5A5A-4A8B-879B-FFCAA7DB775E}.Release|Any CPU.Build.0 = Release|Any CPU
	EndGlobalSection
	GlobalSection(SolutionProperties) = preSolution
		HideSolutionNode = FALSE
	EndGlobalSection
	GlobalSection(NestedProjects) = preSolution
		{8BA49723-93C6-4F28-BE61-A1276F5DC996} = {11F8CA79-474D-4784-BFDB-1B3EA0A015AB}
		{A7E89F81-2D63-48C2-9156-B276C573731E} = {7E51A1DA-DD5E-4408-9F70-B78344822BC4}
		{89D2A784-F2D8-49BC-B270-E113C36D11F3} = {7E51A1DA-DD5E-4408-9F70-B78344822BC4}
		{8BE38205-4A18-4EC0-B880-A548FE663AC5} = {7E51A1DA-DD5E-4408-9F70-B78344822BC4}
		{5F696EBD-EB5E-4F78-B049-B4B345F705C1} = {7E51A1DA-DD5E-4408-9F70-B78344822BC4}
		{0C3F3B5F-1493-41C6-BE13-E73C240FF10C} = {D7D1306D-D174-48D4-A1D3-9826CA31632D}
		{4B59A005-69BA-4620-9166-037F8E12E23B} = {7E51A1DA-DD5E-4408-9F70-B78344822BC4}
		{DBFA0814-9344-43F2-AB54-E9FE0175353F} = {1CB1E131-E14C-4E01-884C-40D50451E50D}
		{C5139392-1DEC-4FE4-BD47-7674AF76CBC4} = {7E51A1DA-DD5E-4408-9F70-B78344822BC4}
		{005CAF69-D87E-4178-A371-E4BDF742A151} = {7E51A1DA-DD5E-4408-9F70-B78344822BC4}
		{9B31564C-5A5A-4A8B-879B-FFCAA7DB775E} = {3383D520-7C0A-45C5-97B4-6939F3D43B0D}
	EndGlobalSection
	GlobalSection(ExtensibilityGlobals) = postSolution
		SolutionGuid = {2FE4F9E8-95AD-4C76-ADAE-87E43DAE842D}
	EndGlobalSection
EndGlobal
